{
  "version": 4,
  "terraform_version": "1.0.7",
  "serial": 5,
  "lineage": "f31511b2-44f8-b501-aaf4-0deda7afc4a4",
  "outputs": {
    "app_url": {
      "value": "https://joooooooj.herokuapp.com",
      "type": "string"
    }
  },
  "resources": [
    {
      "mode": "managed",
      "type": "heroku_addon",
      "name": "api_pg",
      "provider": "provider[\"registry.terraform.io/heroku/heroku\"]",
      "instances": [
        {
          "schema_version": 2,
          "attributes": {
            "app": "joooooooj",
            "config": null,
            "config_vars": [
              "DATABASE_URL"
            ],
            "id": "31e3f4bd-75d3-430d-9ced-4ccaaafdaac4",
            "name": "postgresql-cubed-58499",
            "plan": "heroku-postgresql:hobby-dev",
            "provider_id": "24731503"
          },
          "sensitive_attributes": [],
          "private": "eyJzY2hlbWFfdmVyc2lvbiI6IjIifQ==",
          "dependencies": [
            "heroku_app.final_project_group3"
          ]
        }
      ]
    },
    {
      "mode": "managed",
      "type": "heroku_app",
      "name": "final_project_group3",
      "provider": "provider[\"registry.terraform.io/heroku/heroku\"]",
      "instances": [
        {
          "schema_version": 0,
          "attributes": {
            "acm": false,
            "all_config_vars": {
              "APP_BASE": "back",
              "DISCORD_TOKEN": "ODgyMjA1MjQ0MTcwMzM0MjE4.YS3_qA.smaE684RxzLHy6O1gjonHKmgFs8",
              "GOVERSION": "1.17",
              "PROJECT_PATH": "back",
              "SERVER_ADDR_FRONT": "ODgyMjA1MjQ0MTcwMzM0MjE4.YS3_qA.smaE684RxzLHy6O1gjonHKmgFs8"
            },
            "buildpacks": [],
            "config_vars": {
              "APP_BASE": "back",
              "DISCORD_TOKEN": "ODgyMjA1MjQ0MTcwMzM0MjE4.YS3_qA.smaE684RxzLHy6O1gjonHKmgFs8",
              "GOVERSION": "1.17",
              "PROJECT_PATH": "back",
              "SERVER_ADDR_FRONT": "ODgyMjA1MjQ0MTcwMzM0MjE4.YS3_qA.smaE684RxzLHy6O1gjonHKmgFs8"
            },
            "git_url": "https://git.heroku.com/joooooooj.git",
            "heroku_hostname": "joooooooj.herokuapp.com",
            "id": "joooooooj",
            "internal_routing": false,
            "name": "joooooooj",
            "organization": [],
            "region": "eu",
            "sensitive_config_vars": {},
            "space": null,
            "stack": "heroku-20",
            "uuid": "f7a1d697-9b19-495a-b5ce-2eac17737a37",
            "web_url": "https://joooooooj.herokuapp.com/"
          },
          "sensitive_attributes": [],
          "private": "bnVsbA=="
        }
      ]
    },
    {
      "mode": "managed",
      "type": "heroku_config",
      "name": "global",
      "provider": "provider[\"registry.terraform.io/heroku/heroku\"]",
      "instances": [
        {
          "schema_version": 0,
          "attributes": {
            "id": "config-1633010177",
            "sensitive_vars": {
              "PRIVATE_KEY": "some_private_key"
            },
            "vars": {
              "LOG_LEVEL": "info"
            }
          },
          "sensitive_attributes": [],
          "private": "bnVsbA=="
        }
      ]
    },
    {
      "mode": "managed",
      "type": "heroku_formation",
      "name": "api_formation",
      "provider": "provider[\"registry.terraform.io/heroku/heroku\"]",
      "instances": []
    }
  ]
}
